hash: 6c72533a631ab2f6221f620de6cbfb424c4de6a790dcc6cb83ae111967757339
updated: 2016-06-15T11:21:45.523912123+01:00
imports:
- name: github.com/inconshreveable/mousetrap
  version: 76626ae9c91c4f2a10f34cad8ce83ea42c93bb75
- name: github.com/spf13/cobra
  version: 1238ba19d24b0b9ceee2094e1cb31947d45c3e86
- name: github.com/spf13/pflag
  version: 367864438f1b1a3c7db4da06a2f55b144e6784e0
devImports: []
